{
    "requires": true,
    "lockfileVersion": 1,
    "dependencies": {
        "almond": {
            "version": "0.3.3",
            "resolved": "https://registry.npmjs.org/almond/-/almond-0.3.3.tgz",
            "integrity": "sha1-oOfJWsdiTWQXtElLHmi/9pMWiiA="
        },
        "bootstrap-sass": {
            "version": "3.4.1",
            "resolved": "https://registry.npmjs.org/bootstrap-sass/-/bootstrap-sass-3.4.1.tgz",
            "integrity": "sha512-p5rxsK/IyEDQm2CwiHxxUi0MZZtvVFbhWmyMOt4lLkA4bujDA1TGoKT0i1FKIWiugAdP+kK8T5KMDFIKQCLYIA=="
        },
        "jquery-mousewheel": {
            "version": "3.1.13",
            "resolved": "https://registry.npmjs.org/jquery-mousewheel/-/jquery-mousewheel-3.1.13.tgz",
            "integrity": "sha1-BvAzXxbjU6aV5yBr9QUDy1I6buU="
        },
        "select2": {
            "version": "4.0.6-rc.1",
            "resolved": "https://registry.npmjs.org/select2/-/select2-4.0.6-rc.1.tgz",
            "integrity": "sha1-qmwwOKfw8ukf+t448KIcFeGBMnY=",
            "requires": {
                "almond": "~0.3.1",
                "jquery-mousewheel": "~3.1.13"
            }
        },
        "vue": {
            "version": "2.6.10",
            "resolved": "https://registry.npmjs.org/vue/-/vue-2.6.10.tgz",
            "integrity": "sha512-ImThpeNU9HbdZL3utgMCq0oiMzAkt1mcgy3/E6zWC/G6AaQoeuFdsl9nDhTDU3X1R6FK7nsIUuRACVcjI+A2GQ==",
            "dev": true
        }
    }
}
